// !$*UTF8*$!
{
	archiveVersion = 1;
	classes = {
	};
	objectVersion = 48;
	objects = {

/* Begin PBXBuildFile section */
		2F9FE5A4655859B15EA09FD6 /* Pods_Scribbles.framework in Frameworks */ = {isa = PBXBuildFile; fileRef = 5720EB382E9B633E5E4800FB /* Pods_Scribbles.framework */; };
		CCD2565D1F90BB5E00AE8539 /* AppDelegate.swift in Sources */ = {isa = PBXBuildFile; fileRef = CCD2565C1F90BB5E00AE8539 /* AppDelegate.swift */; };
		CCD2565F1F90BB5E00AE8539 /* RootViewController.swift in Sources */ = {isa = PBXBuildFile; fileRef = CCD2565E1F90BB5E00AE8539 /* RootViewController.swift */; };
		CCD256641F90BB5E00AE8539 /* Assets.xcassets in Resources */ = {isa = PBXBuildFile; fileRef = CCD256631F90BB5E00AE8539 /* Assets.xcassets */; };
		CCD256751F90BBB000AE8539 /* Main.storyboard in Resources */ = {isa = PBXBuildFile; fileRef = CCD256731F90BBA800AE8539 /* Main.storyboard */; };
		CCD256761F90BBB000AE8539 /* LaunchScreen.storyboard in Resources */ = {isa = PBXBuildFile; fileRef = CCD256741F90BBA800AE8539 /* LaunchScreen.storyboard */; };
		CCD2567C1F90BEA000AE8539 /* CloudKit.framework in Frameworks */ = {isa = PBXBuildFile; fileRef = CCD2567B1F90BEA000AE8539 /* CloudKit.framework */; };
		CCD2567F1F90C21300AE8539 /* CloudKitManager.swift in Sources */ = {isa = PBXBuildFile; fileRef = CCD2567E1F90C21300AE8539 /* CloudKitManager.swift */; };
/* End PBXBuildFile section */

/* Begin PBXFileReference section */
		46CB0B1EB9033E8A0F85854E /* Pods-Scribbles.release.xcconfig */ = {isa = PBXFileReference; includeInIndex = 1; lastKnownFileType = text.xcconfig; name = "Pods-Scribbles.release.xcconfig"; path = "Pods/Target Support Files/Pods-Scribbles/Pods-Scribbles.release.xcconfig"; sourceTree = "<group>"; };
		5720EB382E9B633E5E4800FB /* Pods_Scribbles.framework */ = {isa = PBXFileReference; explicitFileType = wrapper.framework; includeInIndex = 0; path = Pods_Scribbles.framework; sourceTree = BUILT_PRODUCTS_DIR; };
		B930CCE07D9B20B317499939 /* Pods-Scribbles.debug.xcconfig */ = {isa = PBXFileReference; includeInIndex = 1; lastKnownFileType = text.xcconfig; name = "Pods-Scribbles.debug.xcconfig"; path = "Pods/Target Support Files/Pods-Scribbles/Pods-Scribbles.debug.xcconfig"; sourceTree = "<group>"; };
		CCD256591F90BB5E00AE8539 /* Scribbles.app */ = {isa = PBXFileReference; explicitFileType = wrapper.application; includeInIndex = 0; path = Scribbles.app; sourceTree = BUILT_PRODUCTS_DIR; };
		CCD2565C1F90BB5E00AE8539 /* AppDelegate.swift */ = {isa = PBXFileReference; lastKnownFileType = sourcecode.swift; path = AppDelegate.swift; sourceTree = "<group>"; };
		CCD2565E1F90BB5E00AE8539 /* RootViewController.swift */ = {isa = PBXFileReference; lastKnownFileType = sourcecode.swift; path = RootViewController.swift; sourceTree = "<group>"; };
		CCD256631F90BB5E00AE8539 /* Assets.xcassets */ = {isa = PBXFileReference; lastKnownFileType = folder.assetcatalog; path = Assets.xcassets; sourceTree = "<group>"; };
		CCD256681F90BB5E00AE8539 /* Info.plist */ = {isa = PBXFileReference; lastKnownFileType = text.plist.xml; path = Info.plist; sourceTree = "<group>"; };
		CCD256731F90BBA800AE8539 /* Main.storyboard */ = {isa = PBXFileReference; lastKnownFileType = file.storyboard; path = Main.storyboard; sourceTree = "<group>"; };
		CCD256741F90BBA800AE8539 /* LaunchScreen.storyboard */ = {isa = PBXFileReference; lastKnownFileType = file.storyboard; path = LaunchScreen.storyboard; sourceTree = "<group>"; };
		CCD256791F90BE9F00AE8539 /* Scribbles.entitlements */ = {isa = PBXFileReference; lastKnownFileType = text.plist.entitlements; path = Scribbles.entitlements; sourceTree = "<group>"; };
		CCD2567B1F90BEA000AE8539 /* CloudKit.framework */ = {isa = PBXFileReference; lastKnownFileType = wrapper.framework; name = CloudKit.framework; path = System/Library/Frameworks/CloudKit.framework; sourceTree = SDKROOT; };
		CCD2567E1F90C21300AE8539 /* CloudKitManager.swift */ = {isa = PBXFileReference; lastKnownFileType = sourcecode.swift; path = CloudKitManager.swift; sourceTree = "<group>"; };
/* End PBXFileReference section */

/* Begin PBXFrameworksBuildPhase section */
		CCD256561F90BB5E00AE8539 /* Frameworks */ = {
			isa = PBXFrameworksBuildPhase;
			buildActionMask = 2147483647;
			files = (
				CCD2567C1F90BEA000AE8539 /* CloudKit.framework in Frameworks */,
				2F9FE5A4655859B15EA09FD6 /* Pods_Scribbles.framework in Frameworks */,
			);
			runOnlyForDeploymentPostprocessing = 0;
		};
/* End PBXFrameworksBuildPhase section */

/* Begin PBXGroup section */
		CCD256501F90BB5E00AE8539 = {
			isa = PBXGroup;
			children = (
				CCD2565B1F90BB5E00AE8539 /* Scribbles */,
				CCD2565A1F90BB5E00AE8539 /* Products */,
				CCD2567A1F90BEA000AE8539 /* Frameworks */,
				FB1B00BACFC5DF87E87A579F /* Pods */,
			);
			sourceTree = "<group>";
		};
		CCD2565A1F90BB5E00AE8539 /* Products */ = {
			isa = PBXGroup;
			children = (
				CCD256591F90BB5E00AE8539 /* Scribbles.app */,
			);
			name = Products;
			sourceTree = "<group>";
		};
		CCD2565B1F90BB5E00AE8539 /* Scribbles */ = {
			isa = PBXGroup;
			children = (
				CCD256791F90BE9F00AE8539 /* Scribbles.entitlements */,
				CCD2566E1F90BB6200AE8539 /* Application Delegate */,
				CCD256771F90BBB300AE8539 /* View Controllers */,
				CCD256721F90BB8900AE8539 /* Storyboards */,
				CCD256701F90BB7600AE8539 /* Resources */,
				CCD2567D1F90C20000AE8539 /* Managers */,
				CCD2566F1F90BB6D00AE8539 /* Supporting Files */,
			);
			path = Scribbles;
			sourceTree = "<group>";
		};
		CCD2566E1F90BB6200AE8539 /* Application Delegate */ = {
			isa = PBXGroup;
			children = (
				CCD2565C1F90BB5E00AE8539 /* AppDelegate.swift */,
			);
			path = "Application Delegate";
			sourceTree = "<group>";
		};
		CCD2566F1F90BB6D00AE8539 /* Supporting Files */ = {
			isa = PBXGroup;
			children = (
				CCD256681F90BB5E00AE8539 /* Info.plist */,
			);
			path = "Supporting Files";
			sourceTree = "<group>";
		};
		CCD256701F90BB7600AE8539 /* Resources */ = {
			isa = PBXGroup;
			children = (
				CCD256711F90BB7D00AE8539 /* Assets */,
			);
			path = Resources;
			sourceTree = "<group>";
		};
		CCD256711F90BB7D00AE8539 /* Assets */ = {
			isa = PBXGroup;
			children = (
				CCD256631F90BB5E00AE8539 /* Assets.xcassets */,
			);
			path = Assets;
			sourceTree = "<group>";
		};
		CCD256721F90BB8900AE8539 /* Storyboards */ = {
			isa = PBXGroup;
			children = (
				CCD256731F90BBA800AE8539 /* Main.storyboard */,
				CCD256741F90BBA800AE8539 /* LaunchScreen.storyboard */,
			);
			path = Storyboards;
			sourceTree = "<group>";
		};
		CCD256771F90BBB300AE8539 /* View Controllers */ = {
			isa = PBXGroup;
			children = (
				CCD256781F90BBBA00AE8539 /* Root View Controller */,
			);
			path = "View Controllers";
			sourceTree = "<group>";
		};
		CCD256781F90BBBA00AE8539 /* Root View Controller */ = {
			isa = PBXGroup;
			children = (
				CCD2565E1F90BB5E00AE8539 /* RootViewController.swift */,
			);
			path = "Root View Controller";
			sourceTree = "<group>";
		};
		CCD2567A1F90BEA000AE8539 /* Frameworks */ = {
			isa = PBXGroup;
			children = (
				CCD2567B1F90BEA000AE8539 /* CloudKit.framework */,
				5720EB382E9B633E5E4800FB /* Pods_Scribbles.framework */,
			);
			name = Frameworks;
			sourceTree = "<group>";
		};
		CCD2567D1F90C20000AE8539 /* Managers */ = {
			isa = PBXGroup;
			children = (
				CCD2567E1F90C21300AE8539 /* CloudKitManager.swift */,
			);
			path = Managers;
			sourceTree = "<group>";
		};
		FB1B00BACFC5DF87E87A579F /* Pods */ = {
			isa = PBXGroup;
			children = (
				B930CCE07D9B20B317499939 /* Pods-Scribbles.debug.xcconfig */,
				46CB0B1EB9033E8A0F85854E /* Pods-Scribbles.release.xcconfig */,
			);
			name = Pods;
			sourceTree = "<group>";
		};
/* End PBXGroup section */

/* Begin PBXNativeTarget section */
		CCD256581F90BB5E00AE8539 /* Scribbles */ = {
			isa = PBXNativeTarget;
			buildConfigurationList = CCD2566B1F90BB5E00AE8539 /* Build configuration list for PBXNativeTarget "Scribbles" */;
			buildPhases = (
				9ADC1BA06969AA27E86C1086 /* [CP] Check Pods Manifest.lock */,
				CCD256551F90BB5E00AE8539 /* Sources */,
				CCD256561F90BB5E00AE8539 /* Frameworks */,
				CCD256571F90BB5E00AE8539 /* Resources */,
				95CC6632534B73C922BB20F3 /* [CP] Embed Pods Frameworks */,
				3014401B63A9BCAE4479F694 /* [CP] Copy Pods Resources */,
			);
			buildRules = (
			);
			dependencies = (
			);
			name = Scribbles;
			productName = Scribbles;
			productReference = CCD256591F90BB5E00AE8539 /* Scribbles.app */;
			productType = "com.apple.product-type.application";
		};
/* End PBXNativeTarget section */

/* Begin PBXProject section */
		CCD256511F90BB5E00AE8539 /* Project object */ = {
			isa = PBXProject;
			attributes = {
				LastSwiftUpdateCheck = 0900;
				LastUpgradeCheck = 0900;
				ORGANIZATIONNAME = Cocoacasts;
				TargetAttributes = {
					CCD256581F90BB5E00AE8539 = {
						CreatedOnToolsVersion = 9.0;
						ProvisioningStyle = Automatic;
						SystemCapabilities = {
							com.apple.Push = {
								enabled = 1;
							};
							com.apple.iCloud = {
								enabled = 1;
							};
						};
					};
				};
			};
			buildConfigurationList = CCD256541F90BB5E00AE8539 /* Build configuration list for PBXProject "Scribbles" */;
			compatibilityVersion = "Xcode 8.0";
			developmentRegion = en;
			hasScannedForEncodings = 0;
			knownRegions = (
				en,
				Base,
			);
			mainGroup = CCD256501F90BB5E00AE8539;
			productRefGroup = CCD2565A1F90BB5E00AE8539 /* Products */;
			projectDirPath = "";
			projectRoot = "";
			targets = (
				CCD256581F90BB5E00AE8539 /* Scribbles */,
			);
		};
/* End PBXProject section */

/* Begin PBXResourcesBuildPhase section */
		CCD256571F90BB5E00AE8539 /* Resources */ = {
			isa = PBXResourcesBuildPhase;
			buildActionMask = 2147483647;
			files = (
				CCD256761F90BBB000AE8539 /* LaunchScreen.storyboard in Resources */,
				CCD256641F90BB5E00AE8539 /* Assets.xcassets in Resources */,
				CCD256751F90BBB000AE8539 /* Main.storyboard in Resources */,
			);
			runOnlyForDeploymentPostprocessing = 0;
		};
/* End PBXResourcesBuildPhase section */

/* Begin PBXShellScriptBuildPhase section */
		3014401B63A9BCAE4479F694 /* [CP] Copy Pods Resources */ = {
			isa = PBXShellScriptBuildPhase;
			buildActionMask = 2147483647;
			files = (
			);
			inputPaths = (
			);
			name = "[CP] Copy Pods Resources";
			outputPaths = (
			);
			runOnlyForDeploymentPostprocessing = 0;
			shellPath = /bin/sh;
			shellScript = "\"${SRCROOT}/Pods/Target Support Files/Pods-Scribbles/Pods-Scribbles-resources.sh\"\n";
			showEnvVarsInLog = 0;
		};
		95CC6632534B73C922BB20F3 /* [CP] Embed Pods Frameworks */ = {
			isa = PBXShellScriptBuildPhase;
			buildActionMask = 2147483647;
			files = (
			);
			inputPaths = (
				"${SRCROOT}/Pods/Target Support Files/Pods-Scribbles/Pods-Scribbles-frameworks.sh",
				"${BUILT_PRODUCTS_DIR}/RxCocoa/RxCocoa.framework",
				"${BUILT_PRODUCTS_DIR}/RxSwift/RxSwift.framework",
			);
			name = "[CP] Embed Pods Frameworks";
			outputPaths = (
				"${TARGET_BUILD_DIR}/${FRAMEWORKS_FOLDER_PATH}/RxCocoa.framework",
				"${TARGET_BUILD_DIR}/${FRAMEWORKS_FOLDER_PATH}/RxSwift.framework",
			);
			runOnlyForDeploymentPostprocessing = 0;
			shellPath = /bin/sh;
			shellScript = "\"${SRCROOT}/Pods/Target Support Files/Pods-Scribbles/Pods-Scribbles-frameworks.sh\"\n";
			showEnvVarsInLog = 0;
		};
		9ADC1BA06969AA27E86C1086 /* [CP] Check Pods Manifest.lock */ = {
			isa = PBXShellScriptBuildPhase;
			buildActionMask = 2147483647;
			files = (
			);
			inputPaths = (
				"${PODS_PODFILE_DIR_PATH}/Podfile.lock",
				"${PODS_ROOT}/Manifest.lock",
			);
			name = "[CP] Check Pods Manifest.lock";
			outputPaths = (
				"$(DERIVED_FILE_DIR)/Pods-Scribbles-checkManifestLockResult.txt",
			);
			runOnlyForDeploymentPostprocessing = 0;
			shellPath = /bin/sh;
			shellScript = "diff \"${PODS_PODFILE_DIR_PATH}/Podfile.lock\" \"${PODS_ROOT}/Manifest.lock\" > /dev/null\nif [ $? != 0 ] ; then\n    # print error to STDERR\n    echo \"error: The sandbox is not in sync with the Podfile.lock. Run 'pod install' or update your CocoaPods installation.\" >&2\n    exit 1\nfi\n# This output is used by Xcode 'outputs' to avoid re-running this script phase.\necho \"SUCCESS\" > \"${SCRIPT_OUTPUT_FILE_0}\"\n";
			showEnvVarsInLog = 0;
		};
/* End PBXShellScriptBuildPhase section */

/* Begin PBXSourcesBuildPhase section */
		CCD256551F90BB5E00AE8539 /* Sources */ = {
			isa = PBXSourcesBuildPhase;
			buildActionMask = 2147483647;
			files = (
				CCD2565F1F90BB5E00AE8539 /* RootViewController.swift in Sources */,
				CCD2565D1F90BB5E00AE8539 /* AppDelegate.swift in Sources */,
				CCD2567F1F90C21300AE8539 /* CloudKitManager.swift in Sources */,
			);
			runOnlyForDeploymentPostprocessing = 0;
		};
/* End PBXSourcesBuildPhase section */

/* Begin XCBuildConfiguration section */
		CCD256691F90BB5E00AE8539 /* Debug */ = {
			isa = XCBuildConfiguration;
			buildSettings = {
				ALWAYS_SEARCH_USER_PATHS = NO;
				CLANG_ANALYZER_NONNULL = YES;
				CLANG_ANALYZER_NUMBER_OBJECT_CONVERSION = YES_AGGRESSIVE;
				CLANG_CXX_LANGUAGE_STANDARD = "gnu++14";
				CLANG_CXX_LIBRARY = "libc++";
				CLANG_ENABLE_MODULES = YES;
				CLANG_ENABLE_OBJC_ARC = YES;
				CLANG_WARN_BLOCK_CAPTURE_AUTORELEASING = YES;
				CLANG_WARN_BOOL_CONVERSION = YES;
				CLANG_WARN_COMMA = YES;
				CLANG_WARN_CONSTANT_CONVERSION = YES;
				CLANG_WARN_DIRECT_OBJC_ISA_USAGE = YES_ERROR;
				CLANG_WARN_DOCUMENTATION_COMMENTS = YES;
				CLANG_WARN_EMPTY_BODY = YES;
				CLANG_WARN_ENUM_CONVERSION = YES;
				CLANG_WARN_INFINITE_RECURSION = YES;
				CLANG_WARN_INT_CONVERSION = YES;
				CLANG_WARN_NON_LITERAL_NULL_CONVERSION = YES;
				CLANG_WARN_OBJC_LITERAL_CONVERSION = YES;
				CLANG_WARN_OBJC_ROOT_CLASS = YES_ERROR;
				CLANG_WARN_RANGE_LOOP_ANALYSIS = YES;
				CLANG_WARN_STRICT_PROTOTYPES = YES;
				CLANG_WARN_SUSPICIOUS_MOVE = YES;
				CLANG_WARN_UNGUARDED_AVAILABILITY = YES_AGGRESSIVE;
				CLANG_WARN_UNREACHABLE_CODE = YES;
				CLANG_WARN__DUPLICATE_METHOD_MATCH = YES;
				CODE_SIGN_IDENTITY = "iPhone Developer";
				COPY_PHASE_STRIP = NO;
				DEBUG_INFORMATION_FORMAT = dwarf;
				ENABLE_STRICT_OBJC_MSGSEND = YES;
				ENABLE_TESTABILITY = YES;
				GCC_C_LANGUAGE_STANDARD = gnu11;
				GCC_DYNAMIC_NO_PIC = NO;
				GCC_NO_COMMON_BLOCKS = YES;
				GCC_OPTIMIZATION_LEVEL = 0;
				GCC_PREPROCESSOR_DEFINITIONS = (
					"DEBUG=1",
					"$(inherited)",
				);
				GCC_WARN_64_TO_32_BIT_CONVERSION = YES;
				GCC_WARN_ABOUT_RETURN_TYPE = YES_ERROR;
				GCC_WARN_UNDECLARED_SELECTOR = YES;
				GCC_WARN_UNINITIALIZED_AUTOS = YES_AGGRESSIVE;
				GCC_WARN_UNUSED_FUNCTION = YES;
				GCC_WARN_UNUSED_VARIABLE = YES;
				IPHONEOS_DEPLOYMENT_TARGET = 11.0;
				MTL_ENABLE_DEBUG_INFO = YES;
				ONLY_ACTIVE_ARCH = YES;
				SDKROOT = iphoneos;
				SWIFT_ACTIVE_COMPILATION_CONDITIONS = DEBUG;
				SWIFT_OPTIMIZATION_LEVEL = "-Onone";
			};
			name = Debug;
		};
		CCD2566A1F90BB5E00AE8539 /* Release */ = {
			isa = XCBuildConfiguration;
			buildSettings = {
				ALWAYS_SEARCH_USER_PATHS = NO;
				CLANG_ANALYZER_NONNULL = YES;
				CLANG_ANALYZER_NUMBER_OBJECT_CONVERSION = YES_AGGRESSIVE;
				CLANG_CXX_LANGUAGE_STANDARD = "gnu++14";
				CLANG_CXX_LIBRARY = "libc++";
				CLANG_ENABLE_MODULES = YES;
				CLANG_ENABLE_OBJC_ARC = YES;
				CLANG_WARN_BLOCK_CAPTURE_AUTORELEASING = YES;
				CLANG_WARN_BOOL_CONVERSION = YES;
				CLANG_WARN_COMMA = YES;
				CLANG_WARN_CONSTANT_CONVERSION = YES;
				CLANG_WARN_DIRECT_OBJC_ISA_USAGE = YES_ERROR;
				CLANG_WARN_DOCUMENTATION_COMMENTS = YES;
				CLANG_WARN_EMPTY_BODY = YES;
				CLANG_WARN_ENUM_CONVERSION = YES;
				CLANG_WARN_INFINITE_RECURSION = YES;
				CLANG_WARN_INT_CONVERSION = YES;
				CLANG_WARN_NON_LITERAL_NULL_CONVERSION = YES;
				CLANG_WARN_OBJC_LITERAL_CONVERSION = YES;
				CLANG_WARN_OBJC_ROOT_CLASS = YES_ERROR;
				CLANG_WARN_RANGE_LOOP_ANALYSIS = YES;
				CLANG_WARN_STRICT_PROTOTYPES = YES;
				CLANG_WARN_SUSPICIOUS_MOVE = YES;
				CLANG_WARN_UNGUARDED_AVAILABILITY = YES_AGGRESSIVE;
				CLANG_WARN_UNREACHABLE_CODE = YES;
				CLANG_WARN__DUPLICATE_METHOD_MATCH = YES;
				CODE_SIGN_IDENTITY = "iPhone Developer";
				COPY_PHASE_STRIP = NO;
				DEBUG_INFORMATION_FORMAT = "dwarf-with-dsym";
				ENABLE_NS_ASSERTIONS = NO;
				ENABLE_STRICT_OBJC_MSGSEND = YES;
				GCC_C_LANGUAGE_STANDARD = gnu11;
				GCC_NO_COMMON_BLOCKS = YES;
				GCC_WARN_64_TO_32_BIT_CONVERSION = YES;
				GCC_WARN_ABOUT_RETURN_TYPE = YES_ERROR;
				GCC_WARN_UNDECLARED_SELECTOR = YES;
				GCC_WARN_UNINITIALIZED_AUTOS = YES_AGGRESSIVE;
				GCC_WARN_UNUSED_FUNCTION = YES;
				GCC_WARN_UNUSED_VARIABLE = YES;
				IPHONEOS_DEPLOYMENT_TARGET = 11.0;
				MTL_ENABLE_DEBUG_INFO = NO;
				SDKROOT = iphoneos;
				SWIFT_OPTIMIZATION_LEVEL = "-Owholemodule";
				VALIDATE_PRODUCT = YES;
			};
			name = Release;
		};
		CCD2566C1F90BB5E00AE8539 /* Debug */ = {
			isa = XCBuildConfiguration;
			baseConfigurationReference = B930CCE07D9B20B317499939 /* Pods-Scribbles.debug.xcconfig */;
			buildSettings = {
				ASSETCATALOG_COMPILER_APPICON_NAME = AppIcon;
				CODE_SIGN_ENTITLEMENTS = Scribbles/Scribbles.entitlements;
				CODE_SIGN_STYLE = Automatic;
				DEVELOPMENT_TEAM = 2493UGBPKJ;
				INFOPLIST_FILE = "$(SRCROOT)/Scribbles/Supporting Files/Info.plist";
				LD_RUNPATH_SEARCH_PATHS = "$(inherited) @executable_path/Frameworks";
				PRODUCT_BUNDLE_IDENTIFIER = com.cocoacasts.Scribbles;
				PRODUCT_NAME = "$(TARGET_NAME)";
				SWIFT_VERSION = 4.0;
				TARGETED_DEVICE_FAMILY = "1,2";
			};
			name = Debug;
		};
		CCD2566D1F90BB5E00AE8539 /* Release */ = {
			isa = XCBuildConfiguration;
			baseConfigurationReference = 46CB0B1EB9033E8A0F85854E /* Pods-Scribbles.release.xcconfig */;
			buildSettings = {
				ASSETCATALOG_COMPILER_APPICON_NAME = AppIcon;
				CODE_SIGN_ENTITLEMENTS = Scribbles/Scribbles.entitlements;
				CODE_SIGN_STYLE = Automatic;
				DEVELOPMENT_TEAM = 2493UGBPKJ;
				INFOPLIST_FILE = "$(SRCROOT)/Scribbles/Supporting Files/Info.plist";
				LD_RUNPATH_SEARCH_PATHS = "$(inherited) @executable_path/Frameworks";
				PRODUCT_BUNDLE_IDENTIFIER = com.cocoacasts.Scribbles;
				PRODUCT_NAME = "$(TARGET_NAME)";
				SWIFT_VERSION = 4.0;
				TARGETED_DEVICE_FAMILY = "1,2";
			};
			name = Release;
		};
/* End XCBuildConfiguration section */

/* Begin XCConfigurationList section */
		CCD256541F90BB5E00AE8539 /* Build configuration list for PBXProject "Scribbles" */ = {
			isa = XCConfigurationList;
			buildConfigurations = (
				CCD256691F90BB5E00AE8539 /* Debug */,
				CCD2566A1F90BB5E00AE8539 /* Release */,
			);
			defaultConfigurationIsVisible = 0;
			defaultConfigurationName = Release;
		};
		CCD2566B1F90BB5E00AE8539 /* Build configuration list for PBXNativeTarget "Scribbles" */ = {
			isa = XCConfigurationList;
			buildConfigurations = (
				CCD2566C1F90BB5E00AE8539 /* Debug */,
				CCD2566D1F90BB5E00AE8539 /* Release */,
			);
			defaultConfigurationIsVisible = 0;
			defaultConfigurationName = Release;
		};
/* End XCConfigurationList section */
	};
	rootObject = CCD256511F90BB5E00AE8539 /* Project object */;
}
